// !$*UTF8*$!
{
	archiveVersion = 1;
	classes = {
	};
	objectVersion = 46;
	objects = {

/* Begin PBXBuildFile section */
		DFAFDAD81A0A629A00083455 /* AppDelegate.swift in Sources */ = {isa = PBXBuildFile; fileRef = DFAFDAD71A0A629A00083455 /* AppDelegate.swift */; };
		DFAFDADA1A0A629A00083455 /* ViewController.swift in Sources */ = {isa = PBXBuildFile; fileRef = DFAFDAD91A0A629A00083455 /* ViewController.swift */; };
		DFAFDADD1A0A629A00083455 /* Main.storyboard in Resources */ = {isa = PBXBuildFile; fileRef = DFAFDADB1A0A629A00083455 /* Main.storyboard */; };
		DFAFDADF1A0A629A00083455 /* Images.xcassets in Resources */ = {isa = PBXBuildFile; fileRef = DFAFDADE1A0A629A00083455 /* Images.xcassets */; };
		DFAFDAE21A0A629A00083455 /* LaunchScreen.xib in Resources */ = {isa = PBXBuildFile; fileRef = DFAFDAE01A0A629A00083455 /* LaunchScreen.xib */; };
		DFAFDAEE1A0A629A00083455 /* CrossNavigationDemoTests.swift in Sources */ = {isa = PBXBuildFile; fileRef = DFAFDAED1A0A629A00083455 /* CrossNavigationDemoTests.swift */; };
		DFAFDAFE1A0A63E500083455 /* cn_direction.swift in Sources */ = {isa = PBXBuildFile; fileRef = DFAFDAFD1A0A63E500083455 /* cn_direction.swift */; };
/* End PBXBuildFile section */

/* Begin PBXContainerItemProxy section */
		DFAFDAE81A0A629A00083455 /* PBXContainerItemProxy */ = {
			isa = PBXContainerItemProxy;
			containerPortal = DFAFDACA1A0A629A00083455 /* Project object */;
			proxyType = 1;
			remoteGlobalIDString = DFAFDAD11A0A629A00083455;
			remoteInfo = CrossNavigationDemo;
		};
/* End PBXContainerItemProxy section */

/* Begin PBXFileReference section */
		DFAFDAD21A0A629A00083455 /* CrossNavigationDemo.app */ = {isa = PBXFileReference; explicitFileType = wrapper.application; includeInIndex = 0; path = CrossNavigationDemo.app; sourceTree = BUILT_PRODUCTS_DIR; };
		DFAFDAD61A0A629A00083455 /* Info.plist */ = {isa = PBXFileReference; lastKnownFileType = text.plist.xml; path = Info.plist; sourceTree = "<group>"; };
		DFAFDAD71A0A629A00083455 /* AppDelegate.swift */ = {isa = PBXFileReference; lastKnownFileType = sourcecode.swift; path = AppDelegate.swift; sourceTree = "<group>"; };
		DFAFDAD91A0A629A00083455 /* ViewController.swift */ = {isa = PBXFileReference; lastKnownFileType = sourcecode.swift; path = ViewController.swift; sourceTree = "<group>"; };
		DFAFDADC1A0A629A00083455 /* Base */ = {isa = PBXFileReference; lastKnownFileType = file.storyboard; name = Base; path = Base.lproj/Main.storyboard; sourceTree = "<group>"; };
		DFAFDADE1A0A629A00083455 /* Images.xcassets */ = {isa = PBXFileReference; lastKnownFileType = folder.assetcatalog; path = Images.xcassets; sourceTree = "<group>"; };
		DFAFDAE11A0A629A00083455 /* Base */ = {isa = PBXFileReference; lastKnownFileType = file.xib; name = Base; path = Base.lproj/LaunchScreen.xib; sourceTree = "<group>"; };
		DFAFDAE71A0A629A00083455 /* CrossNavigationDemoTests.xctest */ = {isa = PBXFileReference; explicitFileType = wrapper.cfbundle; includeInIndex = 0; path = CrossNavigationDemoTests.xctest; sourceTree = BUILT_PRODUCTS_DIR; };
		DFAFDAEC1A0A629A00083455 /* Info.plist */ = {isa = PBXFileReference; lastKnownFileType = text.plist.xml; path = Info.plist; sourceTree = "<group>"; };
		DFAFDAED1A0A629A00083455 /* CrossNavigationDemoTests.swift */ = {isa = PBXFileReference; lastKnownFileType = sourcecode.swift; path = CrossNavigationDemoTests.swift; sourceTree = "<group>"; };
		DFAFDAFD1A0A63E500083455 /* cn_direction.swift */ = {isa = PBXFileReference; fileEncoding = 4; lastKnownFileType = sourcecode.swift; path = cn_direction.swift; sourceTree = "<group>"; };
/* End PBXFileReference section */

/* Begin PBXFrameworksBuildPhase section */
		DFAFDACF1A0A629A00083455 /* Frameworks */ = {
			isa = PBXFrameworksBuildPhase;
			buildActionMask = 2147483647;
			files = (
			);
			runOnlyForDeploymentPostprocessing = 0;
		};
		DFAFDAE41A0A629A00083455 /* Frameworks */ = {
			isa = PBXFrameworksBuildPhase;
			buildActionMask = 2147483647;
			files = (
			);
			runOnlyForDeploymentPostprocessing = 0;
		};
/* End PBXFrameworksBuildPhase section */

/* Begin PBXGroup section */
		DFAFDAC91A0A629A00083455 = {
			isa = PBXGroup;
			children = (
				DFAFDAD41A0A629A00083455 /* CrossNavigationDemo */,
				DFAFDAEA1A0A629A00083455 /* CrossNavigationDemoTests */,
				DFAFDAD31A0A629A00083455 /* Products */,
			);
			sourceTree = "<group>";
		};
		DFAFDAD31A0A629A00083455 /* Products */ = {
			isa = PBXGroup;
			children = (
				DFAFDAD21A0A629A00083455 /* CrossNavigationDemo.app */,
				DFAFDAE71A0A629A00083455 /* CrossNavigationDemoTests.xctest */,
			);
			name = Products;
			sourceTree = "<group>";
		};
		DFAFDAD41A0A629A00083455 /* CrossNavigationDemo */ = {
			isa = PBXGroup;
			children = (
				DFAFDAF71A0A63C400083455 /* CrossNavigation */,
				DFAFDAD71A0A629A00083455 /* AppDelegate.swift */,
				DFAFDAD91A0A629A00083455 /* ViewController.swift */,
				DFAFDADB1A0A629A00083455 /* Main.storyboard */,
				DFAFDADE1A0A629A00083455 /* Images.xcassets */,
				DFAFDAE01A0A629A00083455 /* LaunchScreen.xib */,
				DFAFDAD51A0A629A00083455 /* Supporting Files */,
			);
			path = CrossNavigationDemo;
			sourceTree = "<group>";
		};
		DFAFDAD51A0A629A00083455 /* Supporting Files */ = {
			isa = PBXGroup;
			children = (
				DFAFDAD61A0A629A00083455 /* Info.plist */,
			);
			name = "Supporting Files";
			sourceTree = "<group>";
		};
		DFAFDAEA1A0A629A00083455 /* CrossNavigationDemoTests */ = {
			isa = PBXGroup;
			children = (
				DFAFDAED1A0A629A00083455 /* CrossNavigationDemoTests.swift */,
				DFAFDAEB1A0A629A00083455 /* Supporting Files */,
			);
			path = CrossNavigationDemoTests;
			sourceTree = "<group>";
		};
		DFAFDAEB1A0A629A00083455 /* Supporting Files */ = {
			isa = PBXGroup;
			children = (
				DFAFDAEC1A0A629A00083455 /* Info.plist */,
			);
			name = "Supporting Files";
			sourceTree = "<group>";
		};
		DFAFDAF71A0A63C400083455 /* CrossNavigation */ = {
			isa = PBXGroup;
			children = (
				DFAFDAF81A0A63C400083455 /* InteractiveTransition */,
				DFAFDAF91A0A63C400083455 /* PanGestureHandler */,
				DFAFDAFA1A0A63C400083455 /* Segue */,
				DFAFDAFB1A0A63C400083455 /* Timer */,
				DFAFDAFC1A0A63C400083455 /* Utils */,
			);
			name = CrossNavigation;
			path = ../../CrossNavigation;
			sourceTree = "<group>";
		};
		DFAFDAF81A0A63C400083455 /* InteractiveTransition */ = {
			isa = PBXGroup;
			children = (
			);
			path = InteractiveTransition;
			sourceTree = "<group>";
		};
		DFAFDAF91A0A63C400083455 /* PanGestureHandler */ = {
			isa = PBXGroup;
			children = (
			);
			path = PanGestureHandler;
			sourceTree = "<group>";
		};
		DFAFDAFA1A0A63C400083455 /* Segue */ = {
			isa = PBXGroup;
			children = (
			);
			path = Segue;
			sourceTree = "<group>";
		};
		DFAFDAFB1A0A63C400083455 /* Timer */ = {
			isa = PBXGroup;
			children = (
			);
			path = Timer;
			sourceTree = "<group>";
		};
		DFAFDAFC1A0A63C400083455 /* Utils */ = {
			isa = PBXGroup;
			children = (
				DFAFDAFD1A0A63E500083455 /* cn_direction.swift */,
			);
			path = Utils;
			sourceTree = "<group>";
		};
/* End PBXGroup section */

/* Begin PBXNativeTarget section */
		DFAFDAD11A0A629A00083455 /* CrossNavigationDemo */ = {
			isa = PBXNativeTarget;
			buildConfigurationList = DFAFDAF11A0A629A00083455 /* Build configuration list for PBXNativeTarget "CrossNavigationDemo" */;
			buildPhases = (
				DFAFDACE1A0A629A00083455 /* Sources */,
				DFAFDACF1A0A629A00083455 /* Frameworks */,
				DFAFDAD01A0A629A00083455 /* Resources */,
			);
			buildRules = (
			);
			dependencies = (
			);
			name = CrossNavigationDemo;
			productName = CrossNavigationDemo;
			productReference = DFAFDAD21A0A629A00083455 /* CrossNavigationDemo.app */;
			productType = "com.apple.product-type.application";
		};
		DFAFDAE61A0A629A00083455 /* CrossNavigationDemoTests */ = {
			isa = PBXNativeTarget;
			buildConfigurationList = DFAFDAF41A0A629A00083455 /* Build configuration list for PBXNativeTarget "CrossNavigationDemoTests" */;
			buildPhases = (
				DFAFDAE31A0A629A00083455 /* Sources */,
				DFAFDAE41A0A629A00083455 /* Frameworks */,
				DFAFDAE51A0A629A00083455 /* Resources */,
			);
			buildRules = (
			);
			dependencies = (
				DFAFDAE91A0A629A00083455 /* PBXTargetDependency */,
			);
			name = CrossNavigationDemoTests;
			productName = CrossNavigationDemoTests;
			productReference = DFAFDAE71A0A629A00083455 /* CrossNavigationDemoTests.xctest */;
			productType = "com.apple.product-type.bundle.unit-test";
		};
/* End PBXNativeTarget section */

/* Begin PBXProject section */
		DFAFDACA1A0A629A00083455 /* Project object */ = {
			isa = PBXProject;
			attributes = {
				LastUpgradeCheck = 0610;
				TargetAttributes = {
					DFAFDAD11A0A629A00083455 = {
						CreatedOnToolsVersion = 6.1;
					};
					DFAFDAE61A0A629A00083455 = {
						CreatedOnToolsVersion = 6.1;
						TestTargetID = DFAFDAD11A0A629A00083455;
					};
				};
			};
			buildConfigurationList = DFAFDACD1A0A629A00083455 /* Build configuration list for PBXProject "CrossNavigationDemo" */;
			compatibilityVersion = "Xcode 3.2";
			developmentRegion = English;
			hasScannedForEncodings = 0;
			knownRegions = (
				en,
				Base,
			);
			mainGroup = DFAFDAC91A0A629A00083455;
			productRefGroup = DFAFDAD31A0A629A00083455 /* Products */;
			projectDirPath = "";
			projectRoot = "";
			targets = (
				DFAFDAD11A0A629A00083455 /* CrossNavigationDemo */,
				DFAFDAE61A0A629A00083455 /* CrossNavigationDemoTests */,
			);
		};
/* End PBXProject section */

/* Begin PBXResourcesBuildPhase section */
		DFAFDAD01A0A629A00083455 /* Resources */ = {
			isa = PBXResourcesBuildPhase;
			buildActionMask = 2147483647;
			files = (
				DFAFDADD1A0A629A00083455 /* Main.storyboard in Resources */,
				DFAFDAE21A0A629A00083455 /* LaunchScreen.xib in Resources */,
				DFAFDADF1A0A629A00083455 /* Images.xcassets in Resources */,
			);
			runOnlyForDeploymentPostprocessing = 0;
		};
		DFAFDAE51A0A629A00083455 /* Resources */ = {
			isa = PBXResourcesBuildPhase;
			buildActionMask = 2147483647;
			files = (
			);
			runOnlyForDeploymentPostprocessing = 0;
		};
/* End PBXResourcesBuildPhase section */

/* Begin PBXSourcesBuildPhase section */
		DFAFDACE1A0A629A00083455 /* Sources */ = {
			isa = PBXSourcesBuildPhase;
			buildActionMask = 2147483647;
			files = (
				DFAFDAFE1A0A63E500083455 /* cn_direction.swift in Sources */,
				DFAFDADA1A0A629A00083455 /* ViewController.swift in Sources */,
				DFAFDAD81A0A629A00083455 /* AppDelegate.swift in Sources */,
			);
			runOnlyForDeploymentPostprocessing = 0;
		};
		DFAFDAE31A0A629A00083455 /* Sources */ = {
			isa = PBXSourcesBuildPhase;
			buildActionMask = 2147483647;
			files = (
				DFAFDAEE1A0A629A00083455 /* CrossNavigationDemoTests.swift in Sources */,
			);
			runOnlyForDeploymentPostprocessing = 0;
		};
/* End PBXSourcesBuildPhase section */

/* Begin PBXTargetDependency section */
		DFAFDAE91A0A629A00083455 /* PBXTargetDependency */ = {
			isa = PBXTargetDependency;
			target = DFAFDAD11A0A629A00083455 /* CrossNavigationDemo */;
			targetProxy = DFAFDAE81A0A629A00083455 /* PBXContainerItemProxy */;
		};
/* End PBXTargetDependency section */

/* Begin PBXVariantGroup section */
		DFAFDADB1A0A629A00083455 /* Main.storyboard */ = {
			isa = PBXVariantGroup;
			children = (
				DFAFDADC1A0A629A00083455 /* Base */,
			);
			name = Main.storyboard;
			sourceTree = "<group>";
		};
		DFAFDAE01A0A629A00083455 /* LaunchScreen.xib */ = {
			isa = PBXVariantGroup;
			children = (
				DFAFDAE11A0A629A00083455 /* Base */,
			);
			name = LaunchScreen.xib;
			sourceTree = "<group>";
		};
/* End PBXVariantGroup section */

/* Begin XCBuildConfiguration section */
		DFAFDAEF1A0A629A00083455 /* Debug */ = {
			isa = XCBuildConfiguration;
			buildSettings = {
				ALWAYS_SEARCH_USER_PATHS = NO;
				CLANG_CXX_LANGUAGE_STANDARD = "gnu++0x";
				CLANG_CXX_LIBRARY = "libc++";
				CLANG_ENABLE_MODULES = YES;
				CLANG_ENABLE_OBJC_ARC = YES;
				CLANG_WARN_BOOL_CONVERSION = YES;
				CLANG_WARN_CONSTANT_CONVERSION = YES;
				CLANG_WARN_DIRECT_OBJC_ISA_USAGE = YES_ERROR;
				CLANG_WARN_EMPTY_BODY = YES;
				CLANG_WARN_ENUM_CONVERSION = YES;
				CLANG_WARN_INT_CONVERSION = YES;
				CLANG_WARN_OBJC_ROOT_CLASS = YES_ERROR;
				CLANG_WARN_UNREACHABLE_CODE = YES;
				CLANG_WARN__DUPLICATE_METHOD_MATCH = YES;
				"CODE_SIGN_IDENTITY[sdk=iphoneos*]" = "iPhone Developer";
				COPY_PHASE_STRIP = NO;
				ENABLE_STRICT_OBJC_MSGSEND = YES;
				GCC_C_LANGUAGE_STANDARD = gnu99;
				GCC_DYNAMIC_NO_PIC = NO;
				GCC_OPTIMIZATION_LEVEL = 0;
				GCC_PREPROCESSOR_DEFINITIONS = (
					"DEBUG=1",
					"$(inherited)",
				);
				GCC_SYMBOLS_PRIVATE_EXTERN = NO;
				GCC_WARN_64_TO_32_BIT_CONVERSION = YES;
				GCC_WARN_ABOUT_RETURN_TYPE = YES_ERROR;
				GCC_WARN_UNDECLARED_SELECTOR = YES;
				GCC_WARN_UNINITIALIZED_AUTOS = YES_AGGRESSIVE;
				GCC_WARN_UNUSED_FUNCTION = YES;
				GCC_WARN_UNUSED_VARIABLE = YES;
				IPHONEOS_DEPLOYMENT_TARGET = 8.1;
				MTL_ENABLE_DEBUG_INFO = YES;
				ONLY_ACTIVE_ARCH = YES;
				SDKROOT = iphoneos;
				SWIFT_OPTIMIZATION_LEVEL = "-Onone";
			};
			name = Debug;
		};
		DFAFDAF01A0A629A00083455 /* Release */ = {
			isa = XCBuildConfiguration;
			buildSettings = {
				ALWAYS_SEARCH_USER_PATHS = NO;
				CLANG_CXX_LANGUAGE_STANDARD = "gnu++0x";
				CLANG_CXX_LIBRARY = "libc++";
				CLANG_ENABLE_MODULES = YES;
				CLANG_ENABLE_OBJC_ARC = YES;
				CLANG_WARN_BOOL_CONVERSION = YES;
				CLANG_WARN_CONSTANT_CONVERSION = YES;
				CLANG_WARN_DIRECT_OBJC_ISA_USAGE = YES_ERROR;
				CLANG_WARN_EMPTY_BODY = YES;
				CLANG_WARN_ENUM_CONVERSION = YES;
				CLANG_WARN_INT_CONVERSION = YES;
				CLANG_WARN_OBJC_ROOT_CLASS = YES_ERROR;
				CLANG_WARN_UNREACHABLE_CODE = YES;
				CLANG_WARN__DUPLICATE_METHOD_MATCH = YES;
				"CODE_SIGN_IDENTITY[sdk=iphoneos*]" = "iPhone Developer";
				COPY_PHASE_STRIP = YES;
				ENABLE_NS_ASSERTIONS = NO;
				ENABLE_STRICT_OBJC_MSGSEND = YES;
				GCC_C_LANGUAGE_STANDARD = gnu99;
				GCC_WARN_64_TO_32_BIT_CONVERSION = YES;
				GCC_WARN_ABOUT_RETURN_TYPE = YES_ERROR;
				GCC_WARN_UNDECLARED_SELECTOR = YES;
				GCC_WARN_UNINITIALIZED_AUTOS = YES_AGGRESSIVE;
				GCC_WARN_UNUSED_FUNCTION = YES;
				GCC_WARN_UNUSED_VARIABLE = YES;
				IPHONEOS_DEPLOYMENT_TARGET = 8.1;
				MTL_ENABLE_DEBUG_INFO = NO;
				SDKROOT = iphoneos;
				VALIDATE_PRODUCT = YES;
			};
			name = Release;
		};
		DFAFDAF21A0A629A00083455 /* Debug */ = {
			isa = XCBuildConfiguration;
			buildSettings = {
				ASSETCATALOG_COMPILER_APPICON_NAME = AppIcon;
				INFOPLIST_FILE = CrossNavigationDemo/Info.plist;
				LD_RUNPATH_SEARCH_PATHS = "$(inherited) @executable_path/Frameworks";
				PRODUCT_NAME = "$(TARGET_NAME)";
			};
			name = Debug;
		};
		DFAFDAF31A0A629A00083455 /* Release */ = {
			isa = XCBuildConfiguration;
			buildSettings = {
				ASSETCATALOG_COMPILER_APPICON_NAME = AppIcon;
				INFOPLIST_FILE = CrossNavigationDemo/Info.plist;
				LD_RUNPATH_SEARCH_PATHS = "$(inherited) @executable_path/Frameworks";
				PRODUCT_NAME = "$(TARGET_NAME)";
			};
			name = Release;
		};
		DFAFDAF51A0A629A00083455 /* Debug */ = {
			isa = XCBuildConfiguration;
			buildSettings = {
				BUNDLE_LOADER = "$(TEST_HOST)";
				FRAMEWORK_SEARCH_PATHS = (
					"$(SDKROOT)/Developer/Library/Frameworks",
					"$(inherited)",
				);
				GCC_PREPROCESSOR_DEFINITIONS = (
					"DEBUG=1",
					"$(inherited)",
				);
				INFOPLIST_FILE = CrossNavigationDemoTests/Info.plist;
				LD_RUNPATH_SEARCH_PATHS = "$(inherited) @executable_path/Frameworks @loader_path/Frameworks";
				PRODUCT_NAME = "$(TARGET_NAME)";
				TEST_HOST = "$(BUILT_PRODUCTS_DIR)/CrossNavigationDemo.app/CrossNavigationDemo";
			};
			name = Debug;
		};
		DFAFDAF61A0A629A00083455 /* Release */ = {
			isa = XCBuildConfiguration;
			buildSettings = {
				BUNDLE_LOADER = "$(TEST_HOST)";
				FRAMEWORK_SEARCH_PATHS = (
					"$(SDKROOT)/Developer/Library/Frameworks",
					"$(inherited)",
				);
				INFOPLIST_FILE = CrossNavigationDemoTests/Info.plist;
				LD_RUNPATH_SEARCH_PATHS = "$(inherited) @executable_path/Frameworks @loader_path/Frameworks";
				PRODUCT_NAME = "$(TARGET_NAME)";
				TEST_HOST = "$(BUILT_PRODUCTS_DIR)/CrossNavigationDemo.app/CrossNavigationDemo";
			};
			name = Release;
		};
/* End XCBuildConfiguration section */

/* Begin XCConfigurationList section */
		DFAFDACD1A0A629A00083455 /* Build configuration list for PBXProject "CrossNavigationDemo" */ = {
			isa = XCConfigurationList;
			buildConfigurations = (
				DFAFDAEF1A0A629A00083455 /* Debug */,
				DFAFDAF01A0A629A00083455 /* Release */,
			);
			defaultConfigurationIsVisible = 0;
			defaultConfigurationName = Release;
		};
		DFAFDAF11A0A629A00083455 /* Build configuration list for PBXNativeTarget "CrossNavigationDemo" */ = {
			isa = XCConfigurationList;
			buildConfigurations = (
				DFAFDAF21A0A629A00083455 /* Debug */,
				DFAFDAF31A0A629A00083455 /* Release */,
			);
			defaultConfigurationIsVisible = 0;
			defaultConfigurationName = Release;
		};
		DFAFDAF41A0A629A00083455 /* Build configuration list for PBXNativeTarget "CrossNavigationDemoTests" */ = {
			isa = XCConfigurationList;
			buildConfigurations = (
				DFAFDAF51A0A629A00083455 /* Debug */,
				DFAFDAF61A0A629A00083455 /* Release */,
			);
			defaultConfigurationIsVisible = 0;
			defaultConfigurationName = Release;
		};
/* End XCConfigurationList section */
	};
	rootObject = DFAFDACA1A0A629A00083455 /* Project object */;
}
