// !$*UTF8*$!
{
	archiveVersion = 1;
	classes = {
	};
	objectVersion = 46;
	objects = {

/* Begin PBXBuildFile section */
		12AFA42A1D0E245500125515 /* CNViewControllerCore.m in Sources */ = {isa = PBXBuildFile; fileRef = 12AFA3EF1D0E245500125515 /* CNViewControllerCore.m */; };
		12AFA42B1D0E245500125515 /* UIViewController+CNPrivate.m in Sources */ = {isa = PBXBuildFile; fileRef = 12AFA3F11D0E245500125515 /* UIViewController+CNPrivate.m */; };
		12AFA42C1D0E245500125515 /* CNInteractiveTransition.m in Sources */ = {isa = PBXBuildFile; fileRef = 12AFA3F51D0E245500125515 /* CNInteractiveTransition.m */; };
		12AFA42D1D0E245500125515 /* CNTransitioningFactory.m in Sources */ = {isa = PBXBuildFile; fileRef = 12AFA3F81D0E245500125515 /* CNTransitioningFactory.m */; };
		12AFA42E1D0E245500125515 /* CNBottomTransitioning.m in Sources */ = {isa = PBXBuildFile; fileRef = 12AFA3FC1D0E245500125515 /* CNBottomTransitioning.m */; };
		12AFA42F1D0E245500125515 /* CNTransitioning.m in Sources */ = {isa = PBXBuildFile; fileRef = 12AFA3FE1D0E245500125515 /* CNTransitioning.m */; };
		12AFA4301D0E245500125515 /* CNLeftTransitioning.m in Sources */ = {isa = PBXBuildFile; fileRef = 12AFA4011D0E245500125515 /* CNLeftTransitioning.m */; };
		12AFA4311D0E245500125515 /* CNRightTransitioning.m in Sources */ = {isa = PBXBuildFile; fileRef = 12AFA4041D0E245500125515 /* CNRightTransitioning.m */; };
		12AFA4321D0E245500125515 /* CNTopTransitioning.m in Sources */ = {isa = PBXBuildFile; fileRef = 12AFA4071D0E245500125515 /* CNTopTransitioning.m */; };
		12AFA4331D0E245500125515 /* CNNavigationController.m in Sources */ = {isa = PBXBuildFile; fileRef = 12AFA40A1D0E245500125515 /* CNNavigationController.m */; };
		12AFA4341D0E245500125515 /* CNPanGestureHandler.m in Sources */ = {isa = PBXBuildFile; fileRef = 12AFA40D1D0E245500125515 /* CNPanGestureHandler.m */; };
		12AFA4351D0E245500125515 /* CNBottomSegue.m in Sources */ = {isa = PBXBuildFile; fileRef = 12AFA4111D0E245500125515 /* CNBottomSegue.m */; };
		12AFA4361D0E245500125515 /* CNLeftSegue.m in Sources */ = {isa = PBXBuildFile; fileRef = 12AFA4141D0E245500125515 /* CNLeftSegue.m */; };
		12AFA4371D0E245500125515 /* CNSeguePerformer.m in Sources */ = {isa = PBXBuildFile; fileRef = 12AFA4171D0E245500125515 /* CNSeguePerformer.m */; };
		12AFA4381D0E245500125515 /* CNRightSegue.m in Sources */ = {isa = PBXBuildFile; fileRef = 12AFA41A1D0E245500125515 /* CNRightSegue.m */; };
		12AFA4391D0E245500125515 /* CNTopSegue.m in Sources */ = {isa = PBXBuildFile; fileRef = 12AFA41D1D0E245500125515 /* CNTopSegue.m */; };
		12AFA43A1D0E245500125515 /* CNTabBarController.m in Sources */ = {isa = PBXBuildFile; fileRef = 12AFA4201D0E245500125515 /* CNTabBarController.m */; };
		12AFA43B1D0E245500125515 /* CNTimer.m in Sources */ = {isa = PBXBuildFile; fileRef = 12AFA4231D0E245500125515 /* CNTimer.m */; };
		12AFA43C1D0E245500125515 /* CNViewController.m in Sources */ = {isa = PBXBuildFile; fileRef = 12AFA4291D0E245500125515 /* CNViewController.m */; };
		12AFA43E1D0E246400125515 /* Default-568h@2x.png in Resources */ = {isa = PBXBuildFile; fileRef = 12AFA43D1D0E246400125515 /* Default-568h@2x.png */; };
		AC73DA8F1B1896CD00573835 /* AppDelegate.m in Sources */ = {isa = PBXBuildFile; fileRef = AC73DA8E1B1896CD00573835 /* AppDelegate.m */; };
		AC73DA9D1B18970200573835 /* BottomViewController.m in Sources */ = {isa = PBXBuildFile; fileRef = AC73DA911B18970200573835 /* BottomViewController.m */; };
		AC73DA9E1B18970200573835 /* Images.xcassets in Resources */ = {isa = PBXBuildFile; fileRef = AC73DA921B18970200573835 /* Images.xcassets */; };
		AC73DAA01B18970200573835 /* LeftViewController.m in Sources */ = {isa = PBXBuildFile; fileRef = AC73DA951B18970200573835 /* LeftViewController.m */; };
		AC73DAA11B18970200573835 /* main.m in Sources */ = {isa = PBXBuildFile; fileRef = AC73DA961B18970200573835 /* main.m */; };
		AC73DAA21B18970200573835 /* MainViewController.m in Sources */ = {isa = PBXBuildFile; fileRef = AC73DA981B18970200573835 /* MainViewController.m */; };
		AC73DAA31B18970200573835 /* RightViewController.m in Sources */ = {isa = PBXBuildFile; fileRef = AC73DA9A1B18970200573835 /* RightViewController.m */; };
		AC73DAA41B18970200573835 /* TopViewController.m in Sources */ = {isa = PBXBuildFile; fileRef = AC73DA9C1B18970200573835 /* TopViewController.m */; };
/* End PBXBuildFile section */

/* Begin PBXFileReference section */
		12AFA3431D0E227200125515 /* PrefixHeader.pch */ = {isa = PBXFileReference; fileEncoding = 4; lastKnownFileType = sourcecode.c.h; name = PrefixHeader.pch; path = CNNoStoryboardsExample/PrefixHeader.pch; sourceTree = SOURCE_ROOT; };
		12AFA3EB1D0E245500125515 /* CNViewControllerProtocol.h */ = {isa = PBXFileReference; fileEncoding = 4; lastKnownFileType = sourcecode.c.h; path = CNViewControllerProtocol.h; sourceTree = "<group>"; };
		12AFA3ED1D0E245500125515 /* CNGenericViewController.h */ = {isa = PBXFileReference; fileEncoding = 4; lastKnownFileType = sourcecode.c.h; path = CNGenericViewController.h; sourceTree = "<group>"; };
		12AFA3EE1D0E245500125515 /* CNViewControllerCore.h */ = {isa = PBXFileReference; fileEncoding = 4; lastKnownFileType = sourcecode.c.h; path = CNViewControllerCore.h; sourceTree = "<group>"; };
		12AFA3EF1D0E245500125515 /* CNViewControllerCore.m */ = {isa = PBXFileReference; fileEncoding = 4; lastKnownFileType = sourcecode.c.objc; path = CNViewControllerCore.m; sourceTree = "<group>"; };
		12AFA3F01D0E245500125515 /* UIViewController+CNPrivate.h */ = {isa = PBXFileReference; fileEncoding = 4; lastKnownFileType = sourcecode.c.h; path = "UIViewController+CNPrivate.h"; sourceTree = "<group>"; };
		12AFA3F11D0E245500125515 /* UIViewController+CNPrivate.m */ = {isa = PBXFileReference; fileEncoding = 4; lastKnownFileType = sourcecode.c.objc; path = "UIViewController+CNPrivate.m"; sourceTree = "<group>"; };
		12AFA3F21D0E245500125515 /* CrossNavigation.h */ = {isa = PBXFileReference; fileEncoding = 4; lastKnownFileType = sourcecode.c.h; path = CrossNavigation.h; sourceTree = "<group>"; };
		12AFA3F41D0E245500125515 /* CNInteractiveTransition.h */ = {isa = PBXFileReference; fileEncoding = 4; lastKnownFileType = sourcecode.c.h; path = CNInteractiveTransition.h; sourceTree = "<group>"; };
		12AFA3F51D0E245500125515 /* CNInteractiveTransition.m */ = {isa = PBXFileReference; fileEncoding = 4; lastKnownFileType = sourcecode.c.objc; path = CNInteractiveTransition.m; sourceTree = "<group>"; };
		12AFA3F71D0E245500125515 /* CNTransitioningFactory.h */ = {isa = PBXFileReference; fileEncoding = 4; lastKnownFileType = sourcecode.c.h; path = CNTransitioningFactory.h; sourceTree = "<group>"; };
		12AFA3F81D0E245500125515 /* CNTransitioningFactory.m */ = {isa = PBXFileReference; fileEncoding = 4; lastKnownFileType = sourcecode.c.objc; path = CNTransitioningFactory.m; sourceTree = "<group>"; };
		12AFA3FB1D0E245500125515 /* CNBottomTransitioning.h */ = {isa = PBXFileReference; fileEncoding = 4; lastKnownFileType = sourcecode.c.h; path = CNBottomTransitioning.h; sourceTree = "<group>"; };
		12AFA3FC1D0E245500125515 /* CNBottomTransitioning.m */ = {isa = PBXFileReference; fileEncoding = 4; lastKnownFileType = sourcecode.c.objc; path = CNBottomTransitioning.m; sourceTree = "<group>"; };
		12AFA3FD1D0E245500125515 /* CNTransitioning.h */ = {isa = PBXFileReference; fileEncoding = 4; lastKnownFileType = sourcecode.c.h; path = CNTransitioning.h; sourceTree = "<group>"; };
		12AFA3FE1D0E245500125515 /* CNTransitioning.m */ = {isa = PBXFileReference; fileEncoding = 4; lastKnownFileType = sourcecode.c.objc; path = CNTransitioning.m; sourceTree = "<group>"; };
		12AFA4001D0E245500125515 /* CNLeftTransitioning.h */ = {isa = PBXFileReference; fileEncoding = 4; lastKnownFileType = sourcecode.c.h; path = CNLeftTransitioning.h; sourceTree = "<group>"; };
		12AFA4011D0E245500125515 /* CNLeftTransitioning.m */ = {isa = PBXFileReference; fileEncoding = 4; lastKnownFileType = sourcecode.c.objc; path = CNLeftTransitioning.m; sourceTree = "<group>"; };
		12AFA4031D0E245500125515 /* CNRightTransitioning.h */ = {isa = PBXFileReference; fileEncoding = 4; lastKnownFileType = sourcecode.c.h; path = CNRightTransitioning.h; sourceTree = "<group>"; };
		12AFA4041D0E245500125515 /* CNRightTransitioning.m */ = {isa = PBXFileReference; fileEncoding = 4; lastKnownFileType = sourcecode.c.objc; path = CNRightTransitioning.m; sourceTree = "<group>"; };
		12AFA4061D0E245500125515 /* CNTopTransitioning.h */ = {isa = PBXFileReference; fileEncoding = 4; lastKnownFileType = sourcecode.c.h; path = CNTopTransitioning.h; sourceTree = "<group>"; };
		12AFA4071D0E245500125515 /* CNTopTransitioning.m */ = {isa = PBXFileReference; fileEncoding = 4; lastKnownFileType = sourcecode.c.objc; path = CNTopTransitioning.m; sourceTree = "<group>"; };
		12AFA4091D0E245500125515 /* CNNavigationController.h */ = {isa = PBXFileReference; fileEncoding = 4; lastKnownFileType = sourcecode.c.h; path = CNNavigationController.h; sourceTree = "<group>"; };
		12AFA40A1D0E245500125515 /* CNNavigationController.m */ = {isa = PBXFileReference; fileEncoding = 4; lastKnownFileType = sourcecode.c.objc; path = CNNavigationController.m; sourceTree = "<group>"; };
		12AFA40C1D0E245500125515 /* CNPanGestureHandler.h */ = {isa = PBXFileReference; fileEncoding = 4; lastKnownFileType = sourcecode.c.h; path = CNPanGestureHandler.h; sourceTree = "<group>"; };
		12AFA40D1D0E245500125515 /* CNPanGestureHandler.m */ = {isa = PBXFileReference; fileEncoding = 4; lastKnownFileType = sourcecode.c.objc; path = CNPanGestureHandler.m; sourceTree = "<group>"; };
		12AFA4101D0E245500125515 /* CNBottomSegue.h */ = {isa = PBXFileReference; fileEncoding = 4; lastKnownFileType = sourcecode.c.h; path = CNBottomSegue.h; sourceTree = "<group>"; };
		12AFA4111D0E245500125515 /* CNBottomSegue.m */ = {isa = PBXFileReference; fileEncoding = 4; lastKnownFileType = sourcecode.c.objc; path = CNBottomSegue.m; sourceTree = "<group>"; };
		12AFA4131D0E245500125515 /* CNLeftSegue.h */ = {isa = PBXFileReference; fileEncoding = 4; lastKnownFileType = sourcecode.c.h; path = CNLeftSegue.h; sourceTree = "<group>"; };
		12AFA4141D0E245500125515 /* CNLeftSegue.m */ = {isa = PBXFileReference; fileEncoding = 4; lastKnownFileType = sourcecode.c.objc; path = CNLeftSegue.m; sourceTree = "<group>"; };
		12AFA4161D0E245500125515 /* CNSeguePerformer.h */ = {isa = PBXFileReference; fileEncoding = 4; lastKnownFileType = sourcecode.c.h; path = CNSeguePerformer.h; sourceTree = "<group>"; };
		12AFA4171D0E245500125515 /* CNSeguePerformer.m */ = {isa = PBXFileReference; fileEncoding = 4; lastKnownFileType = sourcecode.c.objc; path = CNSeguePerformer.m; sourceTree = "<group>"; };
		12AFA4191D0E245500125515 /* CNRightSegue.h */ = {isa = PBXFileReference; fileEncoding = 4; lastKnownFileType = sourcecode.c.h; path = CNRightSegue.h; sourceTree = "<group>"; };
		12AFA41A1D0E245500125515 /* CNRightSegue.m */ = {isa = PBXFileReference; fileEncoding = 4; lastKnownFileType = sourcecode.c.objc; path = CNRightSegue.m; sourceTree = "<group>"; };
		12AFA41C1D0E245500125515 /* CNTopSegue.h */ = {isa = PBXFileReference; fileEncoding = 4; lastKnownFileType = sourcecode.c.h; path = CNTopSegue.h; sourceTree = "<group>"; };
		12AFA41D1D0E245500125515 /* CNTopSegue.m */ = {isa = PBXFileReference; fileEncoding = 4; lastKnownFileType = sourcecode.c.objc; path = CNTopSegue.m; sourceTree = "<group>"; };
		12AFA41F1D0E245500125515 /* CNTabBarController.h */ = {isa = PBXFileReference; fileEncoding = 4; lastKnownFileType = sourcecode.c.h; path = CNTabBarController.h; sourceTree = "<group>"; };
		12AFA4201D0E245500125515 /* CNTabBarController.m */ = {isa = PBXFileReference; fileEncoding = 4; lastKnownFileType = sourcecode.c.objc; path = CNTabBarController.m; sourceTree = "<group>"; };
		12AFA4221D0E245500125515 /* CNTimer.h */ = {isa = PBXFileReference; fileEncoding = 4; lastKnownFileType = sourcecode.c.h; path = CNTimer.h; sourceTree = "<group>"; };
		12AFA4231D0E245500125515 /* CNTimer.m */ = {isa = PBXFileReference; fileEncoding = 4; lastKnownFileType = sourcecode.c.objc; path = CNTimer.m; sourceTree = "<group>"; };
		12AFA4251D0E245500125515 /* cn_direction.h */ = {isa = PBXFileReference; fileEncoding = 4; lastKnownFileType = sourcecode.c.h; path = cn_direction.h; sourceTree = "<group>"; };
		12AFA4261D0E245500125515 /* cn_utils.h */ = {isa = PBXFileReference; fileEncoding = 4; lastKnownFileType = sourcecode.c.h; path = cn_utils.h; sourceTree = "<group>"; };
		12AFA4281D0E245500125515 /* CNViewController.h */ = {isa = PBXFileReference; fileEncoding = 4; lastKnownFileType = sourcecode.c.h; path = CNViewController.h; sourceTree = "<group>"; };
		12AFA4291D0E245500125515 /* CNViewController.m */ = {isa = PBXFileReference; fileEncoding = 4; lastKnownFileType = sourcecode.c.objc; path = CNViewController.m; sourceTree = "<group>"; };
		12AFA43D1D0E246400125515 /* Default-568h@2x.png */ = {isa = PBXFileReference; lastKnownFileType = image.png; path = "Default-568h@2x.png"; sourceTree = "<group>"; };
		AC13542D1B17BEFE005C8E4F /* CNNoStoryboardsExample.app */ = {isa = PBXFileReference; explicitFileType = wrapper.application; includeInIndex = 0; path = CNNoStoryboardsExample.app; sourceTree = BUILT_PRODUCTS_DIR; };
		AC73DA8D1B1896CD00573835 /* AppDelegate.h */ = {isa = PBXFileReference; fileEncoding = 4; lastKnownFileType = sourcecode.c.h; name = AppDelegate.h; path = CNNoStoryboardsExample/AppDelegate.h; sourceTree = SOURCE_ROOT; };
		AC73DA8E1B1896CD00573835 /* AppDelegate.m */ = {isa = PBXFileReference; fileEncoding = 4; lastKnownFileType = sourcecode.c.objc; name = AppDelegate.m; path = CNNoStoryboardsExample/AppDelegate.m; sourceTree = SOURCE_ROOT; };
		AC73DA901B18970200573835 /* BottomViewController.h */ = {isa = PBXFileReference; fileEncoding = 4; lastKnownFileType = sourcecode.c.h; name = BottomViewController.h; path = CNNoStoryboardsExample/BottomViewController.h; sourceTree = SOURCE_ROOT; };
		AC73DA911B18970200573835 /* BottomViewController.m */ = {isa = PBXFileReference; fileEncoding = 4; lastKnownFileType = sourcecode.c.objc; name = BottomViewController.m; path = CNNoStoryboardsExample/BottomViewController.m; sourceTree = SOURCE_ROOT; };
		AC73DA921B18970200573835 /* Images.xcassets */ = {isa = PBXFileReference; lastKnownFileType = folder.assetcatalog; name = Images.xcassets; path = CNNoStoryboardsExample/Images.xcassets; sourceTree = SOURCE_ROOT; };
		AC73DA931B18970200573835 /* Info.plist */ = {isa = PBXFileReference; fileEncoding = 4; lastKnownFileType = text.plist.xml; name = Info.plist; path = CNNoStoryboardsExample/Info.plist; sourceTree = SOURCE_ROOT; };
		AC73DA941B18970200573835 /* LeftViewController.h */ = {isa = PBXFileReference; fileEncoding = 4; lastKnownFileType = sourcecode.c.h; name = LeftViewController.h; path = CNNoStoryboardsExample/LeftViewController.h; sourceTree = SOURCE_ROOT; };
		AC73DA951B18970200573835 /* LeftViewController.m */ = {isa = PBXFileReference; fileEncoding = 4; lastKnownFileType = sourcecode.c.objc; name = LeftViewController.m; path = CNNoStoryboardsExample/LeftViewController.m; sourceTree = SOURCE_ROOT; };
		AC73DA961B18970200573835 /* main.m */ = {isa = PBXFileReference; fileEncoding = 4; lastKnownFileType = sourcecode.c.objc; name = main.m; path = CNNoStoryboardsExample/main.m; sourceTree = SOURCE_ROOT; };
		AC73DA971B18970200573835 /* MainViewController.h */ = {isa = PBXFileReference; fileEncoding = 4; lastKnownFileType = sourcecode.c.h; name = MainViewController.h; path = CNNoStoryboardsExample/MainViewController.h; sourceTree = SOURCE_ROOT; };
		AC73DA981B18970200573835 /* MainViewController.m */ = {isa = PBXFileReference; fileEncoding = 4; lastKnownFileType = sourcecode.c.objc; name = MainViewController.m; path = CNNoStoryboardsExample/MainViewController.m; sourceTree = SOURCE_ROOT; };
		AC73DA991B18970200573835 /* RightViewController.h */ = {isa = PBXFileReference; fileEncoding = 4; lastKnownFileType = sourcecode.c.h; name = RightViewController.h; path = CNNoStoryboardsExample/RightViewController.h; sourceTree = SOURCE_ROOT; };
		AC73DA9A1B18970200573835 /* RightViewController.m */ = {isa = PBXFileReference; fileEncoding = 4; lastKnownFileType = sourcecode.c.objc; name = RightViewController.m; path = CNNoStoryboardsExample/RightViewController.m; sourceTree = SOURCE_ROOT; };
		AC73DA9B1B18970200573835 /* TopViewController.h */ = {isa = PBXFileReference; fileEncoding = 4; lastKnownFileType = sourcecode.c.h; name = TopViewController.h; path = CNNoStoryboardsExample/TopViewController.h; sourceTree = SOURCE_ROOT; };
		AC73DA9C1B18970200573835 /* TopViewController.m */ = {isa = PBXFileReference; fileEncoding = 4; lastKnownFileType = sourcecode.c.objc; name = TopViewController.m; path = CNNoStoryboardsExample/TopViewController.m; sourceTree = SOURCE_ROOT; };
/* End PBXFileReference section */

/* Begin PBXFrameworksBuildPhase section */
		AC13542A1B17BEFE005C8E4F /* Frameworks */ = {
			isa = PBXFrameworksBuildPhase;
			buildActionMask = 2147483647;
			files = (
			);
			runOnlyForDeploymentPostprocessing = 0;
		};
/* End PBXFrameworksBuildPhase section */

/* Begin PBXGroup section */
		12AFA3EA1D0E245500125515 /* CrossNavigation */ = {
			isa = PBXGroup;
			children = (
				12AFA3EB1D0E245500125515 /* CNViewControllerProtocol.h */,
				12AFA3EC1D0E245500125515 /* Core */,
				12AFA3F21D0E245500125515 /* CrossNavigation.h */,
				12AFA3F31D0E245500125515 /* InteractiveTransition */,
				12AFA4081D0E245500125515 /* NavigationController */,
				12AFA40B1D0E245500125515 /* PanGestureHandler */,
				12AFA40E1D0E245500125515 /* Segue */,
				12AFA41E1D0E245500125515 /* TabBarController */,
				12AFA4211D0E245500125515 /* Timer */,
				12AFA4241D0E245500125515 /* Utils */,
				12AFA4271D0E245500125515 /* ViewController */,
			);
			name = CrossNavigation;
			path = ../../CrossNavigation;
			sourceTree = "<group>";
		};
		12AFA3EC1D0E245500125515 /* Core */ = {
			isa = PBXGroup;
			children = (
				12AFA3ED1D0E245500125515 /* CNGenericViewController.h */,
				12AFA3EE1D0E245500125515 /* CNViewControllerCore.h */,
				12AFA3EF1D0E245500125515 /* CNViewControllerCore.m */,
				12AFA3F01D0E245500125515 /* UIViewController+CNPrivate.h */,
				12AFA3F11D0E245500125515 /* UIViewController+CNPrivate.m */,
			);
			path = Core;
			sourceTree = "<group>";
		};
		12AFA3F31D0E245500125515 /* InteractiveTransition */ = {
			isa = PBXGroup;
			children = (
				12AFA3F41D0E245500125515 /* CNInteractiveTransition.h */,
				12AFA3F51D0E245500125515 /* CNInteractiveTransition.m */,
				12AFA3F61D0E245500125515 /* Factory */,
				12AFA3F91D0E245500125515 /* Transitioning */,
			);
			path = InteractiveTransition;
			sourceTree = "<group>";
		};
		12AFA3F61D0E245500125515 /* Factory */ = {
			isa = PBXGroup;
			children = (
				12AFA3F71D0E245500125515 /* CNTransitioningFactory.h */,
				12AFA3F81D0E245500125515 /* CNTransitioningFactory.m */,
			);
			path = Factory;
			sourceTree = "<group>";
		};
		12AFA3F91D0E245500125515 /* Transitioning */ = {
			isa = PBXGroup;
			children = (
				12AFA3FA1D0E245500125515 /* Bottom */,
				12AFA3FD1D0E245500125515 /* CNTransitioning.h */,
				12AFA3FE1D0E245500125515 /* CNTransitioning.m */,
				12AFA3FF1D0E245500125515 /* Left */,
				12AFA4021D0E245500125515 /* Right */,
				12AFA4051D0E245500125515 /* Top */,
			);
			path = Transitioning;
			sourceTree = "<group>";
		};
		12AFA3FA1D0E245500125515 /* Bottom */ = {
			isa = PBXGroup;
			children = (
				12AFA3FB1D0E245500125515 /* CNBottomTransitioning.h */,
				12AFA3FC1D0E245500125515 /* CNBottomTransitioning.m */,
			);
			path = Bottom;
			sourceTree = "<group>";
		};
		12AFA3FF1D0E245500125515 /* Left */ = {
			isa = PBXGroup;
			children = (
				12AFA4001D0E245500125515 /* CNLeftTransitioning.h */,
				12AFA4011D0E245500125515 /* CNLeftTransitioning.m */,
			);
			path = Left;
			sourceTree = "<group>";
		};
		12AFA4021D0E245500125515 /* Right */ = {
			isa = PBXGroup;
			children = (
				12AFA4031D0E245500125515 /* CNRightTransitioning.h */,
				12AFA4041D0E245500125515 /* CNRightTransitioning.m */,
			);
			path = Right;
			sourceTree = "<group>";
		};
		12AFA4051D0E245500125515 /* Top */ = {
			isa = PBXGroup;
			children = (
				12AFA4061D0E245500125515 /* CNTopTransitioning.h */,
				12AFA4071D0E245500125515 /* CNTopTransitioning.m */,
			);
			path = Top;
			sourceTree = "<group>";
		};
		12AFA4081D0E245500125515 /* NavigationController */ = {
			isa = PBXGroup;
			children = (
				12AFA4091D0E245500125515 /* CNNavigationController.h */,
				12AFA40A1D0E245500125515 /* CNNavigationController.m */,
			);
			path = NavigationController;
			sourceTree = "<group>";
		};
		12AFA40B1D0E245500125515 /* PanGestureHandler */ = {
			isa = PBXGroup;
			children = (
				12AFA40C1D0E245500125515 /* CNPanGestureHandler.h */,
				12AFA40D1D0E245500125515 /* CNPanGestureHandler.m */,
			);
			path = PanGestureHandler;
			sourceTree = "<group>";
		};
		12AFA40E1D0E245500125515 /* Segue */ = {
			isa = PBXGroup;
			children = (
				12AFA40F1D0E245500125515 /* Bottom */,
				12AFA4121D0E245500125515 /* Left */,
				12AFA4151D0E245500125515 /* Performer */,
				12AFA4181D0E245500125515 /* Right */,
				12AFA41B1D0E245500125515 /* Top */,
			);
			path = Segue;
			sourceTree = "<group>";
		};
		12AFA40F1D0E245500125515 /* Bottom */ = {
			isa = PBXGroup;
			children = (
				12AFA4101D0E245500125515 /* CNBottomSegue.h */,
				12AFA4111D0E245500125515 /* CNBottomSegue.m */,
			);
			path = Bottom;
			sourceTree = "<group>";
		};
		12AFA4121D0E245500125515 /* Left */ = {
			isa = PBXGroup;
			children = (
				12AFA4131D0E245500125515 /* CNLeftSegue.h */,
				12AFA4141D0E245500125515 /* CNLeftSegue.m */,
			);
			path = Left;
			sourceTree = "<group>";
		};
		12AFA4151D0E245500125515 /* Performer */ = {
			isa = PBXGroup;
			children = (
				12AFA4161D0E245500125515 /* CNSeguePerformer.h */,
				12AFA4171D0E245500125515 /* CNSeguePerformer.m */,
			);
			path = Performer;
			sourceTree = "<group>";
		};
		12AFA4181D0E245500125515 /* Right */ = {
			isa = PBXGroup;
			children = (
				12AFA4191D0E245500125515 /* CNRightSegue.h */,
				12AFA41A1D0E245500125515 /* CNRightSegue.m */,
			);
			path = Right;
			sourceTree = "<group>";
		};
		12AFA41B1D0E245500125515 /* Top */ = {
			isa = PBXGroup;
			children = (
				12AFA41C1D0E245500125515 /* CNTopSegue.h */,
				12AFA41D1D0E245500125515 /* CNTopSegue.m */,
			);
			path = Top;
			sourceTree = "<group>";
		};
		12AFA41E1D0E245500125515 /* TabBarController */ = {
			isa = PBXGroup;
			children = (
				12AFA41F1D0E245500125515 /* CNTabBarController.h */,
				12AFA4201D0E245500125515 /* CNTabBarController.m */,
			);
			path = TabBarController;
			sourceTree = "<group>";
		};
		12AFA4211D0E245500125515 /* Timer */ = {
			isa = PBXGroup;
			children = (
				12AFA4221D0E245500125515 /* CNTimer.h */,
				12AFA4231D0E245500125515 /* CNTimer.m */,
			);
			path = Timer;
			sourceTree = "<group>";
		};
		12AFA4241D0E245500125515 /* Utils */ = {
			isa = PBXGroup;
			children = (
				12AFA4251D0E245500125515 /* cn_direction.h */,
				12AFA4261D0E245500125515 /* cn_utils.h */,
			);
			path = Utils;
			sourceTree = "<group>";
		};
		12AFA4271D0E245500125515 /* ViewController */ = {
			isa = PBXGroup;
			children = (
				12AFA4281D0E245500125515 /* CNViewController.h */,
				12AFA4291D0E245500125515 /* CNViewController.m */,
			);
			path = ViewController;
			sourceTree = "<group>";
		};
		AC1065F91B17D47F006FFE4C /* Right */ = {
			isa = PBXGroup;
			children = (
				AC73DA991B18970200573835 /* RightViewController.h */,
				AC73DA9A1B18970200573835 /* RightViewController.m */,
			);
			name = Right;
			sourceTree = "<group>";
		};
		AC1065FD1B17D4C3006FFE4C /* Top */ = {
			isa = PBXGroup;
			children = (
				AC73DA9B1B18970200573835 /* TopViewController.h */,
				AC73DA9C1B18970200573835 /* TopViewController.m */,
			);
			name = Top;
			sourceTree = "<group>";
		};
		AC1066011B17D4E5006FFE4C /* Bottom */ = {
			isa = PBXGroup;
			children = (
				AC73DA901B18970200573835 /* BottomViewController.h */,
				AC73DA911B18970200573835 /* BottomViewController.m */,
			);
			name = Bottom;
			sourceTree = "<group>";
		};
		AC1354241B17BEFE005C8E4F = {
			isa = PBXGroup;
			children = (
				12AFA43D1D0E246400125515 /* Default-568h@2x.png */,
				12AFA3EA1D0E245500125515 /* CrossNavigation */,
				AC13542F1B17BEFE005C8E4F /* CNNoStoryboardsExample */,
				AC13542E1B17BEFE005C8E4F /* Products */,
			);
			sourceTree = "<group>";
		};
		AC13542E1B17BEFE005C8E4F /* Products */ = {
			isa = PBXGroup;
			children = (
				AC13542D1B17BEFE005C8E4F /* CNNoStoryboardsExample.app */,
			);
			name = Products;
			sourceTree = "<group>";
		};
		AC13542F1B17BEFE005C8E4F /* CNNoStoryboardsExample */ = {
			isa = PBXGroup;
			children = (
				AC73DA921B18970200573835 /* Images.xcassets */,
				AC13549E1B17C102005C8E4F /* ViewController */,
				AC13549D1B17C0F7005C8E4F /* AppDelegate */,
				AC1354301B17BEFE005C8E4F /* Supporting Files */,
			);
			name = CNNoStoryboardsExample;
			path = CNNoStoryboards;
			sourceTree = "<group>";
		};
		AC1354301B17BEFE005C8E4F /* Supporting Files */ = {
			isa = PBXGroup;
			children = (
				12AFA3431D0E227200125515 /* PrefixHeader.pch */,
				AC73DA961B18970200573835 /* main.m */,
				AC73DA931B18970200573835 /* Info.plist */,
			);
			name = "Supporting Files";
			sourceTree = "<group>";
		};
		AC13549D1B17C0F7005C8E4F /* AppDelegate */ = {
			isa = PBXGroup;
			children = (
				AC73DA8D1B1896CD00573835 /* AppDelegate.h */,
				AC73DA8E1B1896CD00573835 /* AppDelegate.m */,
			);
			name = AppDelegate;
			sourceTree = "<group>";
		};
		AC13549E1B17C102005C8E4F /* ViewController */ = {
			isa = PBXGroup;
			children = (
				AC1066011B17D4E5006FFE4C /* Bottom */,
				AC1065FD1B17D4C3006FFE4C /* Top */,
				AC1065F91B17D47F006FFE4C /* Right */,
				AC1354A31B17C127005C8E4F /* Left */,
				AC13549F1B17C10B005C8E4F /* Main */,
			);
			name = ViewController;
			sourceTree = "<group>";
		};
		AC13549F1B17C10B005C8E4F /* Main */ = {
			isa = PBXGroup;
			children = (
				AC73DA971B18970200573835 /* MainViewController.h */,
				AC73DA981B18970200573835 /* MainViewController.m */,
			);
			name = Main;
			sourceTree = "<group>";
		};
		AC1354A31B17C127005C8E4F /* Left */ = {
			isa = PBXGroup;
			children = (
				AC73DA941B18970200573835 /* LeftViewController.h */,
				AC73DA951B18970200573835 /* LeftViewController.m */,
			);
			name = Left;
			sourceTree = "<group>";
		};
/* End PBXGroup section */

/* Begin PBXNativeTarget section */
		AC13542C1B17BEFE005C8E4F /* CNNoStoryboardsExample */ = {
			isa = PBXNativeTarget;
			buildConfigurationList = AC1354501B17BEFE005C8E4F /* Build configuration list for PBXNativeTarget "CNNoStoryboardsExample" */;
			buildPhases = (
				AC1354291B17BEFE005C8E4F /* Sources */,
				AC13542A1B17BEFE005C8E4F /* Frameworks */,
				AC13542B1B17BEFE005C8E4F /* Resources */,
			);
			buildRules = (
			);
			dependencies = (
			);
			name = CNNoStoryboardsExample;
			productName = CNNoStoryboards;
			productReference = AC13542D1B17BEFE005C8E4F /* CNNoStoryboardsExample.app */;
			productType = "com.apple.product-type.application";
		};
/* End PBXNativeTarget section */

/* Begin PBXProject section */
		AC1354251B17BEFE005C8E4F /* Project object */ = {
			isa = PBXProject;
			attributes = {
				LastUpgradeCheck = 0730;
				ORGANIZATIONNAME = "Artem Stepanenko";
				TargetAttributes = {
					AC13542C1B17BEFE005C8E4F = {
						CreatedOnToolsVersion = 6.1.1;
					};
				};
			};
			buildConfigurationList = AC1354281B17BEFE005C8E4F /* Build configuration list for PBXProject "CNNoStoryboardsExample" */;
			compatibilityVersion = "Xcode 3.2";
			developmentRegion = English;
			hasScannedForEncodings = 0;
			knownRegions = (
				en,
				Base,
			);
			mainGroup = AC1354241B17BEFE005C8E4F;
			productRefGroup = AC13542E1B17BEFE005C8E4F /* Products */;
			projectDirPath = "";
			projectRoot = "";
			targets = (
				AC13542C1B17BEFE005C8E4F /* CNNoStoryboardsExample */,
			);
		};
/* End PBXProject section */

/* Begin PBXResourcesBuildPhase section */
		AC13542B1B17BEFE005C8E4F /* Resources */ = {
			isa = PBXResourcesBuildPhase;
			buildActionMask = 2147483647;
			files = (
				AC73DA9E1B18970200573835 /* Images.xcassets in Resources */,
				12AFA43E1D0E246400125515 /* Default-568h@2x.png in Resources */,
			);
			runOnlyForDeploymentPostprocessing = 0;
		};
/* End PBXResourcesBuildPhase section */

/* Begin PBXSourcesBuildPhase section */
		AC1354291B17BEFE005C8E4F /* Sources */ = {
			isa = PBXSourcesBuildPhase;
			buildActionMask = 2147483647;
			files = (
				12AFA43A1D0E245500125515 /* CNTabBarController.m in Sources */,
				12AFA4311D0E245500125515 /* CNRightTransitioning.m in Sources */,
				12AFA4341D0E245500125515 /* CNPanGestureHandler.m in Sources */,
				12AFA42D1D0E245500125515 /* CNTransitioningFactory.m in Sources */,
				12AFA42E1D0E245500125515 /* CNBottomTransitioning.m in Sources */,
				AC73DAA11B18970200573835 /* main.m in Sources */,
				12AFA4361D0E245500125515 /* CNLeftSegue.m in Sources */,
				AC73DA8F1B1896CD00573835 /* AppDelegate.m in Sources */,
				12AFA42B1D0E245500125515 /* UIViewController+CNPrivate.m in Sources */,
				12AFA4331D0E245500125515 /* CNNavigationController.m in Sources */,
				12AFA42A1D0E245500125515 /* CNViewControllerCore.m in Sources */,
				12AFA42C1D0E245500125515 /* CNInteractiveTransition.m in Sources */,
				12AFA4351D0E245500125515 /* CNBottomSegue.m in Sources */,
				12AFA42F1D0E245500125515 /* CNTransitioning.m in Sources */,
				AC73DAA21B18970200573835 /* MainViewController.m in Sources */,
				12AFA4371D0E245500125515 /* CNSeguePerformer.m in Sources */,
				AC73DA9D1B18970200573835 /* BottomViewController.m in Sources */,
				12AFA43C1D0E245500125515 /* CNViewController.m in Sources */,
				12AFA4391D0E245500125515 /* CNTopSegue.m in Sources */,
				AC73DAA01B18970200573835 /* LeftViewController.m in Sources */,
				12AFA4321D0E245500125515 /* CNTopTransitioning.m in Sources */,
				12AFA4301D0E245500125515 /* CNLeftTransitioning.m in Sources */,
				12AFA4381D0E245500125515 /* CNRightSegue.m in Sources */,
				AC73DAA41B18970200573835 /* TopViewController.m in Sources */,
				12AFA43B1D0E245500125515 /* CNTimer.m in Sources */,
				AC73DAA31B18970200573835 /* RightViewController.m in Sources */,
			);
			runOnlyForDeploymentPostprocessing = 0;
		};
/* End PBXSourcesBuildPhase section */

/* Begin XCBuildConfiguration section */
		AC13544E1B17BEFE005C8E4F /* Debug */ = {
			isa = XCBuildConfiguration;
			buildSettings = {
				ALWAYS_SEARCH_USER_PATHS = NO;
				CLANG_CXX_LANGUAGE_STANDARD = "gnu++0x";
				CLANG_CXX_LIBRARY = "libc++";
				CLANG_ENABLE_MODULES = YES;
				CLANG_ENABLE_OBJC_ARC = YES;
				CLANG_WARN_BOOL_CONVERSION = YES;
				CLANG_WARN_CONSTANT_CONVERSION = YES;
				CLANG_WARN_DIRECT_OBJC_ISA_USAGE = YES_ERROR;
				CLANG_WARN_EMPTY_BODY = YES;
				CLANG_WARN_ENUM_CONVERSION = YES;
				CLANG_WARN_INT_CONVERSION = YES;
				CLANG_WARN_OBJC_ROOT_CLASS = YES_ERROR;
				CLANG_WARN_UNREACHABLE_CODE = YES;
				CLANG_WARN__DUPLICATE_METHOD_MATCH = YES;
				"CODE_SIGN_IDENTITY[sdk=iphoneos*]" = "iPhone Developer";
				COPY_PHASE_STRIP = NO;
				ENABLE_STRICT_OBJC_MSGSEND = YES;
				ENABLE_TESTABILITY = YES;
				GCC_C_LANGUAGE_STANDARD = gnu99;
				GCC_DYNAMIC_NO_PIC = NO;
				GCC_OPTIMIZATION_LEVEL = 0;
				GCC_PRECOMPILE_PREFIX_HEADER = YES;
				GCC_PREPROCESSOR_DEFINITIONS = (
					"DEBUG=1",
					"$(inherited)",
				);
				GCC_SYMBOLS_PRIVATE_EXTERN = NO;
				GCC_WARN_64_TO_32_BIT_CONVERSION = YES;
				GCC_WARN_ABOUT_RETURN_TYPE = YES_ERROR;
				GCC_WARN_UNDECLARED_SELECTOR = YES;
				GCC_WARN_UNINITIALIZED_AUTOS = YES_AGGRESSIVE;
				GCC_WARN_UNUSED_FUNCTION = YES;
				GCC_WARN_UNUSED_VARIABLE = YES;
				IPHONEOS_DEPLOYMENT_TARGET = 8.1;
				MTL_ENABLE_DEBUG_INFO = YES;
				ONLY_ACTIVE_ARCH = YES;
				OTHER_LDFLAGS = "";
				SDKROOT = iphoneos;
				USER_HEADER_SEARCH_PATHS = "";
			};
			name = Debug;
		};
		AC13544F1B17BEFE005C8E4F /* Release */ = {
			isa = XCBuildConfiguration;
			buildSettings = {
				ALWAYS_SEARCH_USER_PATHS = NO;
				CLANG_CXX_LANGUAGE_STANDARD = "gnu++0x";
				CLANG_CXX_LIBRARY = "libc++";
				CLANG_ENABLE_MODULES = YES;
				CLANG_ENABLE_OBJC_ARC = YES;
				CLANG_WARN_BOOL_CONVERSION = YES;
				CLANG_WARN_CONSTANT_CONVERSION = YES;
				CLANG_WARN_DIRECT_OBJC_ISA_USAGE = YES_ERROR;
				CLANG_WARN_EMPTY_BODY = YES;
				CLANG_WARN_ENUM_CONVERSION = YES;
				CLANG_WARN_INT_CONVERSION = YES;
				CLANG_WARN_OBJC_ROOT_CLASS = YES_ERROR;
				CLANG_WARN_UNREACHABLE_CODE = YES;
				CLANG_WARN__DUPLICATE_METHOD_MATCH = YES;
				"CODE_SIGN_IDENTITY[sdk=iphoneos*]" = "iPhone Developer";
				COPY_PHASE_STRIP = YES;
				ENABLE_NS_ASSERTIONS = NO;
				ENABLE_STRICT_OBJC_MSGSEND = YES;
				GCC_C_LANGUAGE_STANDARD = gnu99;
				GCC_PRECOMPILE_PREFIX_HEADER = YES;
				GCC_WARN_64_TO_32_BIT_CONVERSION = YES;
				GCC_WARN_ABOUT_RETURN_TYPE = YES_ERROR;
				GCC_WARN_UNDECLARED_SELECTOR = YES;
				GCC_WARN_UNINITIALIZED_AUTOS = YES_AGGRESSIVE;
				GCC_WARN_UNUSED_FUNCTION = YES;
				GCC_WARN_UNUSED_VARIABLE = YES;
				IPHONEOS_DEPLOYMENT_TARGET = 8.1;
				MTL_ENABLE_DEBUG_INFO = NO;
				OTHER_LDFLAGS = "";
				SDKROOT = iphoneos;
				USER_HEADER_SEARCH_PATHS = "";
				VALIDATE_PRODUCT = YES;
			};
			name = Release;
		};
		AC1354511B17BEFE005C8E4F /* Debug */ = {
			isa = XCBuildConfiguration;
			buildSettings = {
				ASSETCATALOG_COMPILER_APPICON_NAME = AppIcon;
				GCC_PRECOMPILE_PREFIX_HEADER = YES;
				GCC_PREFIX_HEADER = "$(SRCROOT)/CNNoStoryboardsExample/PrefixHeader.pch";
				INFOPLIST_FILE = CNNoStoryboardsExample/Info.plist;
				LD_RUNPATH_SEARCH_PATHS = "$(inherited) @executable_path/Frameworks";
				OTHER_LDFLAGS = "";
				PRODUCT_BUNDLE_IDENTIFIER = "com.artemstepanenko.$(PRODUCT_NAME:rfc1034identifier)";
				PRODUCT_NAME = CNNoStoryboardsExample;
			};
			name = Debug;
		};
		AC1354521B17BEFE005C8E4F /* Release */ = {
			isa = XCBuildConfiguration;
			buildSettings = {
				ASSETCATALOG_COMPILER_APPICON_NAME = AppIcon;
				GCC_PRECOMPILE_PREFIX_HEADER = YES;
				GCC_PREFIX_HEADER = "$(SRCROOT)/CNNoStoryboardsExample/PrefixHeader.pch";
				INFOPLIST_FILE = CNNoStoryboardsExample/Info.plist;
				LD_RUNPATH_SEARCH_PATHS = "$(inherited) @executable_path/Frameworks";
				OTHER_LDFLAGS = "";
				PRODUCT_BUNDLE_IDENTIFIER = "com.artemstepanenko.$(PRODUCT_NAME:rfc1034identifier)";
				PRODUCT_NAME = CNNoStoryboardsExample;
			};
			name = Release;
		};
/* End XCBuildConfiguration section */

/* Begin XCConfigurationList section */
		AC1354281B17BEFE005C8E4F /* Build configuration list for PBXProject "CNNoStoryboardsExample" */ = {
			isa = XCConfigurationList;
			buildConfigurations = (
				AC13544E1B17BEFE005C8E4F /* Debug */,
				AC13544F1B17BEFE005C8E4F /* Release */,
			);
			defaultConfigurationIsVisible = 0;
			defaultConfigurationName = Release;
		};
		AC1354501B17BEFE005C8E4F /* Build configuration list for PBXNativeTarget "CNNoStoryboardsExample" */ = {
			isa = XCConfigurationList;
			buildConfigurations = (
				AC1354511B17BEFE005C8E4F /* Debug */,
				AC1354521B17BEFE005C8E4F /* Release */,
			);
			defaultConfigurationIsVisible = 0;
			defaultConfigurationName = Release;
		};
/* End XCConfigurationList section */
	};
	rootObject = AC1354251B17BEFE005C8E4F /* Project object */;
}
